{
  "version": "5",
  "remote": {
    "https://deno.land/std@0.168.0/async/abortable.ts": "80b2ac399f142cc528f95a037a7d0e653296352d95c681e284533765961de409",
    "https://deno.land/std@0.168.0/async/deadline.ts": "2c2deb53c7c28ca1dda7a3ad81e70508b1ebc25db52559de6b8636c9278fd41f",
    "https://deno.land/std@0.168.0/async/debounce.ts": "60301ffb37e730cd2d6f9dadfd0ecb2a38857681bd7aaf6b0a106b06e5210a98",
    "https://deno.land/std@0.168.0/async/deferred.ts": "77d3f84255c3627f1cc88699d8472b664d7635990d5358c4351623e098e917d6",
    "https://deno.land/std@0.168.0/async/delay.ts": "5a9bfba8de38840308a7a33786a0155a7f6c1f7a859558ddcec5fe06e16daf57",
    "https://deno.land/std@0.168.0/async/mod.ts": "7809ad4bb223e40f5fdc043e5c7ca04e0e25eed35c32c3c32e28697c553fa6d9",
    "https://deno.land/std@0.168.0/async/mux_async_iterator.ts": "770a0ff26c59f8bbbda6b703a2235f04e379f73238e8d66a087edc68c2a2c35f",
    "https://deno.land/std@0.168.0/async/pool.ts": "6854d8cd675a74c73391c82005cbbe4cc58183bddcd1fbbd7c2bcda42b61cf69",
    "https://deno.land/std@0.168.0/async/retry.ts": "e8e5173623915bbc0ddc537698fa418cf875456c347eda1ed453528645b42e67",
    "https://deno.land/std@0.168.0/async/tee.ts": "3a47cc4e9a940904fd4341f0224907e199121c80b831faa5ec2b054c6d2eff5e",
    "https://deno.land/std@0.168.0/http/server.ts": "e99c1bee8a3f6571ee4cdeb2966efad465b8f6fe62bec1bdb59c1f007cc4d155"
  },
  "workspace": {
    "packageJson": {
      "dependencies": [
        "npm:@emotion/react@^11.14.0",
        "npm:@emotion/styled@^11.14.0",
        "npm:@eslint/js@^9.9.1",
        "npm:@headlessui/react@^2.2.2",
        "npm:@mui/icons-material@^7.0.1",
        "npm:@mui/material@^7.0.1",
        "npm:@react-google-maps/api@^2.20.6",
        "npm:@supabase/supabase-js@^2.49.4",
        "npm:@terraformer/wkt@^2.2.1",
        "npm:@types/date-fns@^2.5.3",
        "npm:@types/geojson@^7946.0.16",
        "npm:@types/jspdf@^1.3.3",
        "npm:@types/react-dom@^18.3.6",
        "npm:@types/react-router-dom@^5.3.3",
        "npm:@types/react@^18.3.20",
        "npm:@types/uuid@^9.0.8",
        "npm:@vercel/analytics@^1.2.2",
        "npm:@vitejs/plugin-react@^4.3.1",
        "npm:autoprefixer@^10.4.18",
        "npm:date-fns@^4.1.0",
        "npm:eslint-plugin-react-hooks@^5.1.0-rc.0",
        "npm:eslint-plugin-react-refresh@~0.4.11",
        "npm:eslint@^9.9.1",
        "npm:framer-motion@^12.6.3",
        "npm:globals@^15.9.0",
        "npm:jspdf@^3.0.1",
        "npm:lucide-react@0.344",
        "npm:mathjs@^14.4.0",
        "npm:pdf-lib@^1.17.1",
        "npm:postcss@^8.4.35",
        "npm:react-dom@^18.3.1",
        "npm:react-easy-crop@^5.4.1",
        "npm:react-hot-toast@^2.4.1",
        "npm:react-icons@^5.5.0",
        "npm:react-router-dom@^6.30.0",
        "npm:react@^18.3.1",
        "npm:sonner@^2.0.3",
        "npm:stylelint-config-standard@38",
        "npm:stylelint-config-tailwindcss@1",
        "npm:stylelint@^16.18.0",
        "npm:tailwindcss@^3.4.1",
        "npm:typescript-eslint@^8.3.0",
        "npm:typescript@^5.5.3",
        "npm:uuid@^9.0.1",
        "npm:vite-plugin-commonjs@~0.10.4",
        "npm:vite@^6.3.2",
        "npm:wellknown@0.5",
        "npm:zustand@^4.5.6"
      ]
    }
  }
}
